
Microsoft Visual Studio Solution File, Format Version 12.00
# Visual Studio 2012
Project("{FAE04EC0-301F-11D3-BF4B-00C04F79EFBC}") = "Items", "Items\Items.csproj", "{B1B355FA-7062-427C-8E69-B11D4AF3F16B}"
EndProject
Global
	GlobalSection(SolutionConfigurationPlatforms) = preSolution
		Debug|Any CPU = Debug|Any CPU
		Release|Any CPU = Release|Any CPU
	EndGlobalSection
	GlobalSection(ProjectConfigurationPlatforms) = postSolution
		{B1B355FA-7062-427C-8E69-B11D4AF3F16B}.Debug|Any CPU.ActiveCfg = Debug|Any CPU
		{B1B355FA-7062-427C-8E69-B11D4AF3F16B}.Debug|Any CPU.Build.0 = Debug|Any CPU
		{B1B355FA-7062-427C-8E69-B11D4AF3F16B}.Release|Any CPU.ActiveCfg = Release|Any CPU
		{B1B355FA-7062-427C-8E69-B11D4AF3F16B}.Release|Any CPU.Build.0 = Release|Any CPU
	EndGlobalSection
EndGlobal
