
Microsoft Visual Studio Solution File, Format Version 12.00
# Visual Studio 2012
Project("{FAE04EC0-301F-11D3-BF4B-00C04F79EFBC}") = "Goods", "Goods\Goods.csproj", "{98D134ED-56E0-4CD5-9992-60B933C255C1}"
EndProject
Global
	GlobalSection(SolutionConfigurationPlatforms) = preSolution
		Debug|Any CPU = Debug|Any CPU
		Release|Any CPU = Release|Any CPU
	EndGlobalSection
	GlobalSection(ProjectConfigurationPlatforms) = postSolution
		{98D134ED-56E0-4CD5-9992-60B933C255C1}.Debug|Any CPU.ActiveCfg = Debug|Any CPU
		{98D134ED-56E0-4CD5-9992-60B933C255C1}.Debug|Any CPU.Build.0 = Debug|Any CPU
		{98D134ED-56E0-4CD5-9992-60B933C255C1}.Release|Any CPU.ActiveCfg = Release|Any CPU
		{98D134ED-56E0-4CD5-9992-60B933C255C1}.Release|Any CPU.Build.0 = Release|Any CPU
	EndGlobalSection
EndGlobal
